github.com/godbus/dbus/v5 v5.0.3/go.mod h1:xhWf0FNVPg57R7Z0UbKHbJfkEywrmjJnf7w5xrFpKfA=
github.com/godbus/dbus/v5 v5.0.6 h1:mkgN1ofwASrYnJ5W6U/BxG15eXXXjirgZc7CLqkcaro=
github.com/godbus/dbus/v5 v5.0.6/go.mod h1:xhWf0FNVPg57R7Z0UbKHbJfkEywrmjJnf7w5xrFpKfA=
github.com/ppacher/go-dbus-keyring v1.0.1 h1:dM4dMfP5w9MxY+foFHCQiN7izEGpFdKr3tZeMGmvqD0=
github.com/ppacher/go-dbus-keyring v1.0.1/go.mod h1:JEmkRwBVPBFkOHedAsoZALWmhNJxR/R/ykkFpbEHtGE=
